
Microsoft Visual Studio Solution File, Format Version 12.00
# Visual Studio Version 16
VisualStudioVersion = 16.0.33529.622
MinimumVisualStudioVersion = 10.0.40219.1
Project("{FAE04EC0-301F-11D3-BF4B-00C04F79EFBC}") = "WebApplication3", "WebApplication3.csproj", "{FFE2B748-2716-47DF-9C47-500543E46C73}"
EndProject
Global
	GlobalSection(SolutionConfigurationPlatforms) = preSolution
		Debug|Any CPU = Debug|Any CPU
		Release|Any CPU = Release|Any CPU
	EndGlobalSection
	GlobalSection(ProjectConfigurationPlatforms) = postSolution
		{FFE2B748-2716-47DF-9C47-500543E46C73}.Debug|Any CPU.ActiveCfg = Debug|Any CPU
		{FFE2B748-2716-47DF-9C47-500543E46C73}.Debug|Any CPU.Build.0 = Debug|Any CPU
		{FFE2B748-2716-47DF-9C47-500543E46C73}.Release|Any CPU.ActiveCfg = Release|Any CPU
		{FFE2B748-2716-47DF-9C47-500543E46C73}.Release|Any CPU.Build.0 = Release|Any CPU
	EndGlobalSection
	GlobalSection(SolutionProperties) = preSolution
		HideSolutionNode = FALSE
	EndGlobalSection
	GlobalSection(ExtensibilityGlobals) = postSolution
		SolutionGuid = {540EF758-C061-4C23-93AB-6AEBF5CE1D1F}
	EndGlobalSection
EndGlobal
